
Microsoft Visual Studio Solution File, Format Version 12.00
# Visual Studio Version 16
VisualStudioVersion = 16.0.33529.622
MinimumVisualStudioVersion = 10.0.40219.1
Project("{F184B08F-C81C-45F6-A57F-5ABD9991F28F}") = "Vb_perpustakaan", "Vb_perpustakaan.vbproj", "{92A86B49-8E4D-4465-B37B-8A610BA4094E}"
EndProject
Global
	GlobalSection(SolutionConfigurationPlatforms) = preSolution
		Debug|Any CPU = Debug|Any CPU
		Release|Any CPU = Release|Any CPU
	EndGlobalSection
	GlobalSection(ProjectConfigurationPlatforms) = postSolution
		{92A86B49-8E4D-4465-B37B-8A610BA4094E}.Debug|Any CPU.ActiveCfg = Debug|Any CPU
		{92A86B49-8E4D-4465-B37B-8A610BA4094E}.Debug|Any CPU.Build.0 = Debug|Any CPU
		{92A86B49-8E4D-4465-B37B-8A610BA4094E}.Release|Any CPU.ActiveCfg = Release|Any CPU
		{92A86B49-8E4D-4465-B37B-8A610BA4094E}.Release|Any CPU.Build.0 = Release|Any CPU
	EndGlobalSection
	GlobalSection(SolutionProperties) = preSolution
		HideSolutionNode = FALSE
	EndGlobalSection
	GlobalSection(ExtensibilityGlobals) = postSolution
		SolutionGuid = {93C75A4C-910B-47E2-B017-CB9465CBD1BB}
	EndGlobalSection
EndGlobal
